// !$*UTF8*$!
{
	archiveVersion = 1;
	classes = {
	};
	objectVersion = 50;
	objects = {

/* Begin PBXBuildFile section */
		5C548B07238EDFCC004F3BCA /* LaunchScreenViewController.swift in Sources */ = {isa = PBXBuildFile; fileRef = 5C548B04238EDFCC004F3BCA /* LaunchScreenViewController.swift */; };
		5C548B08238EDFCC004F3BCA /* LaunchScreenViewController.xib in Resources */ = {isa = PBXBuildFile; fileRef = 5C548B05238EDFCC004F3BCA /* LaunchScreenViewController.xib */; };
		5C548B09238EDFCC004F3BCA /* LaunchScreenViewModel.swift in Sources */ = {isa = PBXBuildFile; fileRef = 5C548B06238EDFCC004F3BCA /* LaunchScreenViewModel.swift */; };
		5C548B0F238EE114004F3BCA /* AppCoordinator.swift in Sources */ = {isa = PBXBuildFile; fileRef = 5C548B0E238EE114004F3BCA /* AppCoordinator.swift */; };
		5C548B11238EE144004F3BCA /* Constants.swift in Sources */ = {isa = PBXBuildFile; fileRef = 5C548B10238EE144004F3BCA /* Constants.swift */; };
		5C548B15238EE16C004F3BCA /* Coordinator.swift in Sources */ = {isa = PBXBuildFile; fileRef = 5C548B14238EE16C004F3BCA /* Coordinator.swift */; };
		5C548B1C238EEA4F004F3BCA /* TabBarCoordinator.swift in Sources */ = {isa = PBXBuildFile; fileRef = 5C548B16238EEA4E004F3BCA /* TabBarCoordinator.swift */; };
		5C548B1D238EEA4F004F3BCA /* TabBarObject.swift in Sources */ = {isa = PBXBuildFile; fileRef = 5C548B17238EEA4E004F3BCA /* TabBarObject.swift */; };
		5C548B1E238EEA4F004F3BCA /* TabBarViewController.swift in Sources */ = {isa = PBXBuildFile; fileRef = 5C548B18238EEA4E004F3BCA /* TabBarViewController.swift */; };
		5C548B1F238EEA4F004F3BCA /* TabBarViewModel.swift in Sources */ = {isa = PBXBuildFile; fileRef = 5C548B19238EEA4E004F3BCA /* TabBarViewModel.swift */; };
		5C548B20238EEA4F004F3BCA /* TabBarViewController.xib in Resources */ = {isa = PBXBuildFile; fileRef = 5C548B1A238EEA4E004F3BCA /* TabBarViewController.xib */; };
		5C548B21238EEA4F004F3BCA /* TabBarService.swift in Sources */ = {isa = PBXBuildFile; fileRef = 5C548B1B238EEA4F004F3BCA /* TabBarService.swift */; };
		5C548B23238EEBAC004F3BCA /* Colors.xcassets in Resources */ = {isa = PBXBuildFile; fileRef = 5C548B22238EEBAC004F3BCA /* Colors.xcassets */; };
		5C548B25238EECE9004F3BCA /* UIColor.swift in Sources */ = {isa = PBXBuildFile; fileRef = 5C548B24238EECE9004F3BCA /* UIColor.swift */; };
		5C82FD0C2390039D0018ABB7 /* HomeObject.swift in Sources */ = {isa = PBXBuildFile; fileRef = 5C82FD072390039D0018ABB7 /* HomeObject.swift */; };
		5C82FD0D2390039D0018ABB7 /* HomeViewController.swift in Sources */ = {isa = PBXBuildFile; fileRef = 5C82FD082390039D0018ABB7 /* HomeViewController.swift */; };
		5C82FD0E2390039D0018ABB7 /* HomeViewModel.swift in Sources */ = {isa = PBXBuildFile; fileRef = 5C82FD092390039D0018ABB7 /* HomeViewModel.swift */; };
		5C82FD0F2390039D0018ABB7 /* HomeViewController.xib in Resources */ = {isa = PBXBuildFile; fileRef = 5C82FD0A2390039D0018ABB7 /* HomeViewController.xib */; };
		5C82FD102390039D0018ABB7 /* HomeService.swift in Sources */ = {isa = PBXBuildFile; fileRef = 5C82FD0B2390039D0018ABB7 /* HomeService.swift */; };
		5C82FD18239005240018ABB7 /* StoriesCollectionViewCell.swift in Sources */ = {isa = PBXBuildFile; fileRef = 5C82FD16239005240018ABB7 /* StoriesCollectionViewCell.swift */; };
		5C82FD19239005240018ABB7 /* StoriesCollectionViewCell.xib in Resources */ = {isa = PBXBuildFile; fileRef = 5C82FD17239005240018ABB7 /* StoriesCollectionViewCell.xib */; };
		5C960B22239030B400A418CE /* FeedCellView.swift in Sources */ = {isa = PBXBuildFile; fileRef = 5C960B20239030B400A418CE /* FeedCellView.swift */; };
		5C960B23239030B400A418CE /* FeedCellView.xib in Resources */ = {isa = PBXBuildFile; fileRef = 5C960B21239030B400A418CE /* FeedCellView.xib */; };
		5CF64CB1238EB5C800BD492D /* AppDelegate.swift in Sources */ = {isa = PBXBuildFile; fileRef = 5CF64CB0238EB5C800BD492D /* AppDelegate.swift */; };
		5CF64CBA238EB5D300BD492D /* Images.xcassets in Resources */ = {isa = PBXBuildFile; fileRef = 5CF64CB9238EB5D300BD492D /* Images.xcassets */; };
		5CF64CBD238EB5D300BD492D /* LaunchScreen.storyboard in Resources */ = {isa = PBXBuildFile; fileRef = 5CF64CBB238EB5D300BD492D /* LaunchScreen.storyboard */; };
		5CF64CC8238EB5D700BD492D /* InstagramTests.swift in Sources */ = {isa = PBXBuildFile; fileRef = 5CF64CC7238EB5D700BD492D /* InstagramTests.swift */; };
		5CF64CD3238EB5D700BD492D /* InstagramUITests.swift in Sources */ = {isa = PBXBuildFile; fileRef = 5CF64CD2238EB5D700BD492D /* InstagramUITests.swift */; };
		5CF64CF4238ED65500BD492D /* Lottie.framework in Frameworks */ = {isa = PBXBuildFile; fileRef = 5CF64CF1238ED65500BD492D /* Lottie.framework */; };
		5CF64CF6238ED65500BD492D /* Alamofire.framework in Frameworks */ = {isa = PBXBuildFile; fileRef = 5CF64CF2238ED65500BD492D /* Alamofire.framework */; };
		5CF64CF8238ED65500BD492D /* Kingfisher.framework in Frameworks */ = {isa = PBXBuildFile; fileRef = 5CF64CF3238ED65500BD492D /* Kingfisher.framework */; };
/* End PBXBuildFile section */

/* Begin PBXContainerItemProxy section */
		5CF64CC4238EB5D700BD492D /* PBXContainerItemProxy */ = {
			isa = PBXContainerItemProxy;
			containerPortal = 5CF64CA5238EB5C800BD492D /* Project object */;
			proxyType = 1;
			remoteGlobalIDString = 5CF64CAC238EB5C800BD492D;
			remoteInfo = Instagram;
		};
		5CF64CCF238EB5D700BD492D /* PBXContainerItemProxy */ = {
			isa = PBXContainerItemProxy;
			containerPortal = 5CF64CA5238EB5C800BD492D /* Project object */;
			proxyType = 1;
			remoteGlobalIDString = 5CF64CAC238EB5C800BD492D;
			remoteInfo = Instagram;
		};
/* End PBXContainerItemProxy section */

/* Begin PBXFileReference section */
		5C548B04238EDFCC004F3BCA /* LaunchScreenViewController.swift */ = {isa = PBXFileReference; fileEncoding = 4; lastKnownFileType = sourcecode.swift; path = LaunchScreenViewController.swift; sourceTree = "<group>"; };
		5C548B05238EDFCC004F3BCA /* LaunchScreenViewController.xib */ = {isa = PBXFileReference; fileEncoding = 4; lastKnownFileType = file.xib; path = LaunchScreenViewController.xib; sourceTree = "<group>"; };
		5C548B06238EDFCC004F3BCA /* LaunchScreenViewModel.swift */ = {isa = PBXFileReference; fileEncoding = 4; lastKnownFileType = sourcecode.swift; path = LaunchScreenViewModel.swift; sourceTree = "<group>"; };
		5C548B0E238EE114004F3BCA /* AppCoordinator.swift */ = {isa = PBXFileReference; lastKnownFileType = sourcecode.swift; path = AppCoordinator.swift; sourceTree = "<group>"; };
		5C548B10238EE144004F3BCA /* Constants.swift */ = {isa = PBXFileReference; lastKnownFileType = sourcecode.swift; path = Constants.swift; sourceTree = "<group>"; };
		5C548B14238EE16C004F3BCA /* Coordinator.swift */ = {isa = PBXFileReference; lastKnownFileType = sourcecode.swift; path = Coordinator.swift; sourceTree = "<group>"; };
		5C548B16238EEA4E004F3BCA /* TabBarCoordinator.swift */ = {isa = PBXFileReference; lastKnownFileType = sourcecode.swift; path = TabBarCoordinator.swift; sourceTree = "<group>"; };
		5C548B17238EEA4E004F3BCA /* TabBarObject.swift */ = {isa = PBXFileReference; lastKnownFileType = sourcecode.swift; path = TabBarObject.swift; sourceTree = "<group>"; };
		5C548B18238EEA4E004F3BCA /* TabBarViewController.swift */ = {isa = PBXFileReference; lastKnownFileType = sourcecode.swift; path = TabBarViewController.swift; sourceTree = "<group>"; };
		5C548B19238EEA4E004F3BCA /* TabBarViewModel.swift */ = {isa = PBXFileReference; lastKnownFileType = sourcecode.swift; path = TabBarViewModel.swift; sourceTree = "<group>"; };
		5C548B1A238EEA4E004F3BCA /* TabBarViewController.xib */ = {isa = PBXFileReference; lastKnownFileType = file.xib; path = TabBarViewController.xib; sourceTree = "<group>"; };
		5C548B1B238EEA4F004F3BCA /* TabBarService.swift */ = {isa = PBXFileReference; lastKnownFileType = sourcecode.swift; path = TabBarService.swift; sourceTree = "<group>"; };
		5C548B22238EEBAC004F3BCA /* Colors.xcassets */ = {isa = PBXFileReference; lastKnownFileType = folder.assetcatalog; path = Colors.xcassets; sourceTree = "<group>"; };
		5C548B24238EECE9004F3BCA /* UIColor.swift */ = {isa = PBXFileReference; lastKnownFileType = sourcecode.swift; path = UIColor.swift; sourceTree = "<group>"; };
		5C82FD072390039D0018ABB7 /* HomeObject.swift */ = {isa = PBXFileReference; lastKnownFileType = sourcecode.swift; path = HomeObject.swift; sourceTree = "<group>"; };
		5C82FD082390039D0018ABB7 /* HomeViewController.swift */ = {isa = PBXFileReference; lastKnownFileType = sourcecode.swift; path = HomeViewController.swift; sourceTree = "<group>"; };
		5C82FD092390039D0018ABB7 /* HomeViewModel.swift */ = {isa = PBXFileReference; lastKnownFileType = sourcecode.swift; path = HomeViewModel.swift; sourceTree = "<group>"; };
		5C82FD0A2390039D0018ABB7 /* HomeViewController.xib */ = {isa = PBXFileReference; lastKnownFileType = file.xib; path = HomeViewController.xib; sourceTree = "<group>"; };
		5C82FD0B2390039D0018ABB7 /* HomeService.swift */ = {isa = PBXFileReference; lastKnownFileType = sourcecode.swift; path = HomeService.swift; sourceTree = "<group>"; };
		5C82FD16239005240018ABB7 /* StoriesCollectionViewCell.swift */ = {isa = PBXFileReference; lastKnownFileType = sourcecode.swift; path = StoriesCollectionViewCell.swift; sourceTree = "<group>"; };
		5C82FD17239005240018ABB7 /* StoriesCollectionViewCell.xib */ = {isa = PBXFileReference; lastKnownFileType = file.xib; path = StoriesCollectionViewCell.xib; sourceTree = "<group>"; };
		5C960B20239030B400A418CE /* FeedCellView.swift */ = {isa = PBXFileReference; lastKnownFileType = sourcecode.swift; path = FeedCellView.swift; sourceTree = "<group>"; };
		5C960B21239030B400A418CE /* FeedCellView.xib */ = {isa = PBXFileReference; lastKnownFileType = file.xib; path = FeedCellView.xib; sourceTree = "<group>"; };
		5CF64CAD238EB5C800BD492D /* Instagram.app */ = {isa = PBXFileReference; explicitFileType = wrapper.application; includeInIndex = 0; path = Instagram.app; sourceTree = BUILT_PRODUCTS_DIR; };
		5CF64CB0238EB5C800BD492D /* AppDelegate.swift */ = {isa = PBXFileReference; lastKnownFileType = sourcecode.swift; path = AppDelegate.swift; sourceTree = "<group>"; };
		5CF64CB9238EB5D300BD492D /* Images.xcassets */ = {isa = PBXFileReference; lastKnownFileType = folder.assetcatalog; path = Images.xcassets; sourceTree = "<group>"; };
		5CF64CBC238EB5D300BD492D /* Base */ = {isa = PBXFileReference; lastKnownFileType = file.storyboard; name = Base; path = Base.lproj/LaunchScreen.storyboard; sourceTree = "<group>"; };
		5CF64CBE238EB5D300BD492D /* Info.plist */ = {isa = PBXFileReference; lastKnownFileType = text.plist.xml; path = Info.plist; sourceTree = "<group>"; };
		5CF64CC3238EB5D700BD492D /* InstagramTests.xctest */ = {isa = PBXFileReference; explicitFileType = wrapper.cfbundle; includeInIndex = 0; path = InstagramTests.xctest; sourceTree = BUILT_PRODUCTS_DIR; };
		5CF64CC7238EB5D700BD492D /* InstagramTests.swift */ = {isa = PBXFileReference; lastKnownFileType = sourcecode.swift; path = InstagramTests.swift; sourceTree = "<group>"; };
		5CF64CC9238EB5D700BD492D /* Info.plist */ = {isa = PBXFileReference; lastKnownFileType = text.plist.xml; path = Info.plist; sourceTree = "<group>"; };
		5CF64CCE238EB5D700BD492D /* InstagramUITests.xctest */ = {isa = PBXFileReference; explicitFileType = wrapper.cfbundle; includeInIndex = 0; path = InstagramUITests.xctest; sourceTree = BUILT_PRODUCTS_DIR; };
		5CF64CD2238EB5D700BD492D /* InstagramUITests.swift */ = {isa = PBXFileReference; lastKnownFileType = sourcecode.swift; path = InstagramUITests.swift; sourceTree = "<group>"; };
		5CF64CD4238EB5D700BD492D /* Info.plist */ = {isa = PBXFileReference; lastKnownFileType = text.plist.xml; path = Info.plist; sourceTree = "<group>"; };
		5CF64CF1238ED65500BD492D /* Lottie.framework */ = {isa = PBXFileReference; lastKnownFileType = wrapper.framework; name = Lottie.framework; path = Carthage/Build/iOS/Lottie.framework; sourceTree = "<group>"; };
		5CF64CF2238ED65500BD492D /* Alamofire.framework */ = {isa = PBXFileReference; lastKnownFileType = wrapper.framework; name = Alamofire.framework; path = Carthage/Build/iOS/Alamofire.framework; sourceTree = "<group>"; };
		5CF64CF3238ED65500BD492D /* Kingfisher.framework */ = {isa = PBXFileReference; lastKnownFileType = wrapper.framework; name = Kingfisher.framework; path = Carthage/Build/iOS/Kingfisher.framework; sourceTree = "<group>"; };
/* End PBXFileReference section */

/* Begin PBXFrameworksBuildPhase section */
		5CF64CAA238EB5C800BD492D /* Frameworks */ = {
			isa = PBXFrameworksBuildPhase;
			buildActionMask = 2147483647;
			files = (
				5CF64CF4238ED65500BD492D /* Lottie.framework in Frameworks */,
				5CF64CF8238ED65500BD492D /* Kingfisher.framework in Frameworks */,
				5CF64CF6238ED65500BD492D /* Alamofire.framework in Frameworks */,
			);
			runOnlyForDeploymentPostprocessing = 0;
		};
		5CF64CC0238EB5D700BD492D /* Frameworks */ = {
			isa = PBXFrameworksBuildPhase;
			buildActionMask = 2147483647;
			files = (
			);
			runOnlyForDeploymentPostprocessing = 0;
		};
		5CF64CCB238EB5D700BD492D /* Frameworks */ = {
			isa = PBXFrameworksBuildPhase;
			buildActionMask = 2147483647;
			files = (
			);
			runOnlyForDeploymentPostprocessing = 0;
		};
/* End PBXFrameworksBuildPhase section */

/* Begin PBXGroup section */
		5C548B03238EDFA7004F3BCA /* LaunchScreen */ = {
			isa = PBXGroup;
			children = (
				5CF64CBB238EB5D300BD492D /* LaunchScreen.storyboard */,
				5C548B04238EDFCC004F3BCA /* LaunchScreenViewController.swift */,
				5C548B05238EDFCC004F3BCA /* LaunchScreenViewController.xib */,
				5C548B06238EDFCC004F3BCA /* LaunchScreenViewModel.swift */,
			);
			path = LaunchScreen;
			sourceTree = "<group>";
		};
		5C548B0A238EE024004F3BCA /* Resources */ = {
			isa = PBXGroup;
			children = (
				5CF64CB9238EB5D300BD492D /* Images.xcassets */,
				5C548B22238EEBAC004F3BCA /* Colors.xcassets */,
				5CF64CBE238EB5D300BD492D /* Info.plist */,
			);
			path = Resources;
			sourceTree = "<group>";
		};
		5C548B0B238EE0B8004F3BCA /* Scenes */ = {
			isa = PBXGroup;
			children = (
				5C82FD062390034E0018ABB7 /* Home */,
				5C548B0D238EE0DC004F3BCA /* TabBar */,
				5C548B03238EDFA7004F3BCA /* LaunchScreen */,
			);
			path = Scenes;
			sourceTree = "<group>";
		};
		5C548B0C238EE0CB004F3BCA /* General */ = {
			isa = PBXGroup;
			children = (
				5C548B13238EE157004F3BCA /* Protocols */,
				5C548B12238EE152004F3BCA /* Extensions */,
				5C548B0E238EE114004F3BCA /* AppCoordinator.swift */,
				5C548B10238EE144004F3BCA /* Constants.swift */,
			);
			path = General;
			sourceTree = "<group>";
		};
		5C548B0D238EE0DC004F3BCA /* TabBar */ = {
			isa = PBXGroup;
			children = (
				5C548B16238EEA4E004F3BCA /* TabBarCoordinator.swift */,
				5C548B17238EEA4E004F3BCA /* TabBarObject.swift */,
				5C548B18238EEA4E004F3BCA /* TabBarViewController.swift */,
				5C548B19238EEA4E004F3BCA /* TabBarViewModel.swift */,
				5C548B1A238EEA4E004F3BCA /* TabBarViewController.xib */,
				5C548B1B238EEA4F004F3BCA /* TabBarService.swift */,
			);
			path = TabBar;
			sourceTree = "<group>";
		};
		5C548B12238EE152004F3BCA /* Extensions */ = {
			isa = PBXGroup;
			children = (
				5C548B24238EECE9004F3BCA /* UIColor.swift */,
			);
			path = Extensions;
			sourceTree = "<group>";
		};
		5C548B13238EE157004F3BCA /* Protocols */ = {
			isa = PBXGroup;
			children = (
				5C548B14238EE16C004F3BCA /* Coordinator.swift */,
			);
			path = Protocols;
			sourceTree = "<group>";
		};
		5C82FD052390030E0018ABB7 /* StoriesCell */ = {
			isa = PBXGroup;
			children = (
				5C82FD16239005240018ABB7 /* StoriesCollectionViewCell.swift */,
				5C82FD17239005240018ABB7 /* StoriesCollectionViewCell.xib */,
			);
			path = StoriesCell;
			sourceTree = "<group>";
		};
		5C82FD062390034E0018ABB7 /* Home */ = {
			isa = PBXGroup;
			children = (
				5C82FD11239004660018ABB7 /* FeedCell */,
				5C82FD052390030E0018ABB7 /* StoriesCell */,
				5C82FD072390039D0018ABB7 /* HomeObject.swift */,
				5C82FD082390039D0018ABB7 /* HomeViewController.swift */,
				5C82FD092390039D0018ABB7 /* HomeViewModel.swift */,
				5C82FD0A2390039D0018ABB7 /* HomeViewController.xib */,
				5C82FD0B2390039D0018ABB7 /* HomeService.swift */,
			);
			path = Home;
			sourceTree = "<group>";
		};
		5C82FD11239004660018ABB7 /* FeedCell */ = {
			isa = PBXGroup;
			children = (
				5C960B20239030B400A418CE /* FeedCellView.swift */,
				5C960B21239030B400A418CE /* FeedCellView.xib */,
			);
			path = FeedCell;
			sourceTree = "<group>";
		};
		5CF64CA4238EB5C800BD492D = {
			isa = PBXGroup;
			children = (
				5CF64CAF238EB5C800BD492D /* Instagram */,
				5CF64CC6238EB5D700BD492D /* InstagramTests */,
				5CF64CD1238EB5D700BD492D /* InstagramUITests */,
				5CF64CAE238EB5C800BD492D /* Products */,
				5CF64CF0238ED65500BD492D /* Frameworks */,
			);
			sourceTree = "<group>";
		};
		5CF64CAE238EB5C800BD492D /* Products */ = {
			isa = PBXGroup;
			children = (
				5CF64CAD238EB5C800BD492D /* Instagram.app */,
				5CF64CC3238EB5D700BD492D /* InstagramTests.xctest */,
				5CF64CCE238EB5D700BD492D /* InstagramUITests.xctest */,
			);
			name = Products;
			sourceTree = "<group>";
		};
		5CF64CAF238EB5C800BD492D /* Instagram */ = {
			isa = PBXGroup;
			children = (
				5C548B0B238EE0B8004F3BCA /* Scenes */,
				5C548B0A238EE024004F3BCA /* Resources */,
				5C548B0C238EE0CB004F3BCA /* General */,
				5CF64CB0238EB5C800BD492D /* AppDelegate.swift */,
			);
			path = Instagram;
			sourceTree = "<group>";
		};
		5CF64CC6238EB5D700BD492D /* InstagramTests */ = {
			isa = PBXGroup;
			children = (
				5CF64CC7238EB5D700BD492D /* InstagramTests.swift */,
				5CF64CC9238EB5D700BD492D /* Info.plist */,
			);
			path = InstagramTests;
			sourceTree = "<group>";
		};
		5CF64CD1238EB5D700BD492D /* InstagramUITests */ = {
			isa = PBXGroup;
			children = (
				5CF64CD2238EB5D700BD492D /* InstagramUITests.swift */,
				5CF64CD4238EB5D700BD492D /* Info.plist */,
			);
			path = InstagramUITests;
			sourceTree = "<group>";
		};
		5CF64CF0238ED65500BD492D /* Frameworks */ = {
			isa = PBXGroup;
			children = (
				5CF64CF2238ED65500BD492D /* Alamofire.framework */,
				5CF64CF3238ED65500BD492D /* Kingfisher.framework */,
				5CF64CF1238ED65500BD492D /* Lottie.framework */,
			);
			name = Frameworks;
			sourceTree = "<group>";
		};
/* End PBXGroup section */

/* Begin PBXNativeTarget section */
		5CF64CAC238EB5C800BD492D /* Instagram */ = {
			isa = PBXNativeTarget;
			buildConfigurationList = 5CF64CD7238EB5D700BD492D /* Build configuration list for PBXNativeTarget "Instagram" */;
			buildPhases = (
				5CF64CA9238EB5C800BD492D /* Sources */,
				5CF64CAA238EB5C800BD492D /* Frameworks */,
				5CF64CAB238EB5C800BD492D /* Resources */,
				5CF64CED238ED48600BD492D /* Carthage */,
				5CF64CEF238ED49300BD492D /* SwiftLint */,
			);
			buildRules = (
			);
			dependencies = (
			);
			name = Instagram;
			productName = Instagram;
			productReference = 5CF64CAD238EB5C800BD492D /* Instagram.app */;
			productType = "com.apple.product-type.application";
		};
		5CF64CC2238EB5D700BD492D /* InstagramTests */ = {
			isa = PBXNativeTarget;
			buildConfigurationList = 5CF64CDA238EB5D700BD492D /* Build configuration list for PBXNativeTarget "InstagramTests" */;
			buildPhases = (
				5CF64CBF238EB5D700BD492D /* Sources */,
				5CF64CC0238EB5D700BD492D /* Frameworks */,
				5CF64CC1238EB5D700BD492D /* Resources */,
			);
			buildRules = (
			);
			dependencies = (
				5CF64CC5238EB5D700BD492D /* PBXTargetDependency */,
			);
			name = InstagramTests;
			productName = InstagramTests;
			productReference = 5CF64CC3238EB5D700BD492D /* InstagramTests.xctest */;
			productType = "com.apple.product-type.bundle.unit-test";
		};
		5CF64CCD238EB5D700BD492D /* InstagramUITests */ = {
			isa = PBXNativeTarget;
			buildConfigurationList = 5CF64CDD238EB5D700BD492D /* Build configuration list for PBXNativeTarget "InstagramUITests" */;
			buildPhases = (
				5CF64CCA238EB5D700BD492D /* Sources */,
				5CF64CCB238EB5D700BD492D /* Frameworks */,
				5CF64CCC238EB5D700BD492D /* Resources */,
			);
			buildRules = (
			);
			dependencies = (
				5CF64CD0238EB5D700BD492D /* PBXTargetDependency */,
			);
			name = InstagramUITests;
			productName = InstagramUITests;
			productReference = 5CF64CCE238EB5D700BD492D /* InstagramUITests.xctest */;
			productType = "com.apple.product-type.bundle.ui-testing";
		};
/* End PBXNativeTarget section */

/* Begin PBXProject section */
		5CF64CA5238EB5C800BD492D /* Project object */ = {
			isa = PBXProject;
			attributes = {
				LastSwiftUpdateCheck = 1100;
				LastUpgradeCheck = 1100;
				ORGANIZATIONNAME = "João Pedro De Souza Coutinho";
				TargetAttributes = {
					5CF64CAC238EB5C800BD492D = {
						CreatedOnToolsVersion = 11.0;
					};
					5CF64CC2238EB5D700BD492D = {
						CreatedOnToolsVersion = 11.0;
						TestTargetID = 5CF64CAC238EB5C800BD492D;
					};
					5CF64CCD238EB5D700BD492D = {
						CreatedOnToolsVersion = 11.0;
						TestTargetID = 5CF64CAC238EB5C800BD492D;
					};
				};
			};
			buildConfigurationList = 5CF64CA8238EB5C800BD492D /* Build configuration list for PBXProject "Instagram" */;
			compatibilityVersion = "Xcode 9.3";
			developmentRegion = en;
			hasScannedForEncodings = 0;
			knownRegions = (
				en,
				Base,
			);
			mainGroup = 5CF64CA4238EB5C800BD492D;
			productRefGroup = 5CF64CAE238EB5C800BD492D /* Products */;
			projectDirPath = "";
			projectRoot = "";
			targets = (
				5CF64CAC238EB5C800BD492D /* Instagram */,
				5CF64CC2238EB5D700BD492D /* InstagramTests */,
				5CF64CCD238EB5D700BD492D /* InstagramUITests */,
			);
		};
/* End PBXProject section */

/* Begin PBXResourcesBuildPhase section */
		5CF64CAB238EB5C800BD492D /* Resources */ = {
			isa = PBXResourcesBuildPhase;
			buildActionMask = 2147483647;
			files = (
				5C960B23239030B400A418CE /* FeedCellView.xib in Resources */,
				5C548B23238EEBAC004F3BCA /* Colors.xcassets in Resources */,
				5C548B20238EEA4F004F3BCA /* TabBarViewController.xib in Resources */,
				5CF64CBD238EB5D300BD492D /* LaunchScreen.storyboard in Resources */,
				5CF64CBA238EB5D300BD492D /* Images.xcassets in Resources */,
				5C548B08238EDFCC004F3BCA /* LaunchScreenViewController.xib in Resources */,
				5C82FD0F2390039D0018ABB7 /* HomeViewController.xib in Resources */,
				5C82FD19239005240018ABB7 /* StoriesCollectionViewCell.xib in Resources */,
			);
			runOnlyForDeploymentPostprocessing = 0;
		};
		5CF64CC1238EB5D700BD492D /* Resources */ = {
			isa = PBXResourcesBuildPhase;
			buildActionMask = 2147483647;
			files = (
			);
			runOnlyForDeploymentPostprocessing = 0;
		};
		5CF64CCC238EB5D700BD492D /* Resources */ = {
			isa = PBXResourcesBuildPhase;
			buildActionMask = 2147483647;
			files = (
			);
			runOnlyForDeploymentPostprocessing = 0;
		};
/* End PBXResourcesBuildPhase section */

/* Begin PBXShellScriptBuildPhase section */
		5CF64CED238ED48600BD492D /* Carthage */ = {
			isa = PBXShellScriptBuildPhase;
			buildActionMask = 2147483647;
			files = (
			);
			inputFileListPaths = (
			);
			inputPaths = (
				"$(SRCROOT)/Carthage/Build/iOS/Alamofire.framework",
				"$(SRCROOT)/Carthage/Build/iOS/Kingfisher.framework",
				"$(SRCROOT)/Carthage/Build/iOS/Lottie.framework",
			);
			name = Carthage;
			outputFileListPaths = (
			);
			outputPaths = (
			);
			runOnlyForDeploymentPostprocessing = 0;
			shellPath = /bin/sh;
			shellScript = "/usr/local/bin/carthage copy-frameworks\n";
		};
		5CF64CEF238ED49300BD492D /* SwiftLint */ = {
			isa = PBXShellScriptBuildPhase;
			buildActionMask = 2147483647;
			files = (
			);
			inputFileListPaths = (
			);
			inputPaths = (
			);
			name = SwiftLint;
			outputFileListPaths = (
			);
			outputPaths = (
			);
			runOnlyForDeploymentPostprocessing = 0;
			shellPath = /bin/sh;
			shellScript = "if which swiftlint >/dev/null; then\nswiftlint\nelse\necho \"warning: SwiftLint not installed, download from https://github.com/realm/SwiftLint\"\nfi\n";
		};
/* End PBXShellScriptBuildPhase section */

/* Begin PBXSourcesBuildPhase section */
		5CF64CA9238EB5C800BD492D /* Sources */ = {
			isa = PBXSourcesBuildPhase;
			buildActionMask = 2147483647;
			files = (
				5C548B1F238EEA4F004F3BCA /* TabBarViewModel.swift in Sources */,
				5C548B25238EECE9004F3BCA /* UIColor.swift in Sources */,
				5C548B1D238EEA4F004F3BCA /* TabBarObject.swift in Sources */,
				5CF64CB1238EB5C800BD492D /* AppDelegate.swift in Sources */,
				5C548B0F238EE114004F3BCA /* AppCoordinator.swift in Sources */,
				5C82FD0D2390039D0018ABB7 /* HomeViewController.swift in Sources */,
				5C960B22239030B400A418CE /* FeedCellView.swift in Sources */,
				5C82FD102390039D0018ABB7 /* HomeService.swift in Sources */,
				5C82FD0C2390039D0018ABB7 /* HomeObject.swift in Sources */,
				5C548B07238EDFCC004F3BCA /* LaunchScreenViewController.swift in Sources */,
				5C548B1E238EEA4F004F3BCA /* TabBarViewController.swift in Sources */,
				5C548B21238EEA4F004F3BCA /* TabBarService.swift in Sources */,
				5C82FD18239005240018ABB7 /* StoriesCollectionViewCell.swift in Sources */,
				5C548B1C238EEA4F004F3BCA /* TabBarCoordinator.swift in Sources */,
				5C548B09238EDFCC004F3BCA /* LaunchScreenViewModel.swift in Sources */,
				5C548B11238EE144004F3BCA /* Constants.swift in Sources */,
				5C82FD0E2390039D0018ABB7 /* HomeViewModel.swift in Sources */,
				5C548B15238EE16C004F3BCA /* Coordinator.swift in Sources */,
			);
			runOnlyForDeploymentPostprocessing = 0;
		};
		5CF64CBF238EB5D700BD492D /* Sources */ = {
			isa = PBXSourcesBuildPhase;
			buildActionMask = 2147483647;
			files = (
				5CF64CC8238EB5D700BD492D /* InstagramTests.swift in Sources */,
			);
			runOnlyForDeploymentPostprocessing = 0;
		};
		5CF64CCA238EB5D700BD492D /* Sources */ = {
			isa = PBXSourcesBuildPhase;
			buildActionMask = 2147483647;
			files = (
				5CF64CD3238EB5D700BD492D /* InstagramUITests.swift in Sources */,
			);
			runOnlyForDeploymentPostprocessing = 0;
		};
/* End PBXSourcesBuildPhase section */

/* Begin PBXTargetDependency section */
		5CF64CC5238EB5D700BD492D /* PBXTargetDependency */ = {
			isa = PBXTargetDependency;
			target = 5CF64CAC238EB5C800BD492D /* Instagram */;
			targetProxy = 5CF64CC4238EB5D700BD492D /* PBXContainerItemProxy */;
		};
		5CF64CD0238EB5D700BD492D /* PBXTargetDependency */ = {
			isa = PBXTargetDependency;
			target = 5CF64CAC238EB5C800BD492D /* Instagram */;
			targetProxy = 5CF64CCF238EB5D700BD492D /* PBXContainerItemProxy */;
		};
/* End PBXTargetDependency section */

/* Begin PBXVariantGroup section */
		5CF64CBB238EB5D300BD492D /* LaunchScreen.storyboard */ = {
			isa = PBXVariantGroup;
			children = (
				5CF64CBC238EB5D300BD492D /* Base */,
			);
			name = LaunchScreen.storyboard;
			sourceTree = "<group>";
		};
/* End PBXVariantGroup section */

/* Begin XCBuildConfiguration section */
		5CF64CD5238EB5D700BD492D /* Debug */ = {
			isa = XCBuildConfiguration;
			buildSettings = {
				ALWAYS_SEARCH_USER_PATHS = NO;
				CLANG_ANALYZER_NONNULL = YES;
				CLANG_ANALYZER_NUMBER_OBJECT_CONVERSION = YES_AGGRESSIVE;
				CLANG_CXX_LANGUAGE_STANDARD = "gnu++14";
				CLANG_CXX_LIBRARY = "libc++";
				CLANG_ENABLE_MODULES = YES;
				CLANG_ENABLE_OBJC_ARC = YES;
				CLANG_ENABLE_OBJC_WEAK = YES;
				CLANG_WARN_BLOCK_CAPTURE_AUTORELEASING = YES;
				CLANG_WARN_BOOL_CONVERSION = YES;
				CLANG_WARN_COMMA = YES;
				CLANG_WARN_CONSTANT_CONVERSION = YES;
				CLANG_WARN_DEPRECATED_OBJC_IMPLEMENTATIONS = YES;
				CLANG_WARN_DIRECT_OBJC_ISA_USAGE = YES_ERROR;
				CLANG_WARN_DOCUMENTATION_COMMENTS = YES;
				CLANG_WARN_EMPTY_BODY = YES;
				CLANG_WARN_ENUM_CONVERSION = YES;
				CLANG_WARN_INFINITE_RECURSION = YES;
				CLANG_WARN_INT_CONVERSION = YES;
				CLANG_WARN_NON_LITERAL_NULL_CONVERSION = YES;
				CLANG_WARN_OBJC_IMPLICIT_RETAIN_SELF = YES;
				CLANG_WARN_OBJC_LITERAL_CONVERSION = YES;
				CLANG_WARN_OBJC_ROOT_CLASS = YES_ERROR;
				CLANG_WARN_RANGE_LOOP_ANALYSIS = YES;
				CLANG_WARN_STRICT_PROTOTYPES = YES;
				CLANG_WARN_SUSPICIOUS_MOVE = YES;
				CLANG_WARN_UNGUARDED_AVAILABILITY = YES_AGGRESSIVE;
				CLANG_WARN_UNREACHABLE_CODE = YES;
				CLANG_WARN__DUPLICATE_METHOD_MATCH = YES;
				COPY_PHASE_STRIP = NO;
				DEBUG_INFORMATION_FORMAT = dwarf;
				ENABLE_STRICT_OBJC_MSGSEND = YES;
				ENABLE_TESTABILITY = YES;
				GCC_C_LANGUAGE_STANDARD = gnu11;
				GCC_DYNAMIC_NO_PIC = NO;
				GCC_NO_COMMON_BLOCKS = YES;
				GCC_OPTIMIZATION_LEVEL = 0;
				GCC_PREPROCESSOR_DEFINITIONS = (
					"DEBUG=1",
					"$(inherited)",
				);
				GCC_WARN_64_TO_32_BIT_CONVERSION = YES;
				GCC_WARN_ABOUT_RETURN_TYPE = YES_ERROR;
				GCC_WARN_UNDECLARED_SELECTOR = YES;
				GCC_WARN_UNINITIALIZED_AUTOS = YES_AGGRESSIVE;
				GCC_WARN_UNUSED_FUNCTION = YES;
				GCC_WARN_UNUSED_VARIABLE = YES;
				IPHONEOS_DEPLOYMENT_TARGET = 13.0;
				MTL_ENABLE_DEBUG_INFO = INCLUDE_SOURCE;
				MTL_FAST_MATH = YES;
				ONLY_ACTIVE_ARCH = YES;
				SDKROOT = iphoneos;
				SWIFT_ACTIVE_COMPILATION_CONDITIONS = DEBUG;
				SWIFT_OPTIMIZATION_LEVEL = "-Onone";
			};
			name = Debug;
		};
		5CF64CD6238EB5D700BD492D /* Release */ = {
			isa = XCBuildConfiguration;
			buildSettings = {
				ALWAYS_SEARCH_USER_PATHS = NO;
				CLANG_ANALYZER_NONNULL = YES;
				CLANG_ANALYZER_NUMBER_OBJECT_CONVERSION = YES_AGGRESSIVE;
				CLANG_CXX_LANGUAGE_STANDARD = "gnu++14";
				CLANG_CXX_LIBRARY = "libc++";
				CLANG_ENABLE_MODULES = YES;
				CLANG_ENABLE_OBJC_ARC = YES;
				CLANG_ENABLE_OBJC_WEAK = YES;
				CLANG_WARN_BLOCK_CAPTURE_AUTORELEASING = YES;
				CLANG_WARN_BOOL_CONVERSION = YES;
				CLANG_WARN_COMMA = YES;
				CLANG_WARN_CONSTANT_CONVERSION = YES;
				CLANG_WARN_DEPRECATED_OBJC_IMPLEMENTATIONS = YES;
				CLANG_WARN_DIRECT_OBJC_ISA_USAGE = YES_ERROR;
				CLANG_WARN_DOCUMENTATION_COMMENTS = YES;
				CLANG_WARN_EMPTY_BODY = YES;
				CLANG_WARN_ENUM_CONVERSION = YES;
				CLANG_WARN_INFINITE_RECURSION = YES;
				CLANG_WARN_INT_CONVERSION = YES;
				CLANG_WARN_NON_LITERAL_NULL_CONVERSION = YES;
				CLANG_WARN_OBJC_IMPLICIT_RETAIN_SELF = YES;
				CLANG_WARN_OBJC_LITERAL_CONVERSION = YES;
				CLANG_WARN_OBJC_ROOT_CLASS = YES_ERROR;
				CLANG_WARN_RANGE_LOOP_ANALYSIS = YES;
				CLANG_WARN_STRICT_PROTOTYPES = YES;
				CLANG_WARN_SUSPICIOUS_MOVE = YES;
				CLANG_WARN_UNGUARDED_AVAILABILITY = YES_AGGRESSIVE;
				CLANG_WARN_UNREACHABLE_CODE = YES;
				CLANG_WARN__DUPLICATE_METHOD_MATCH = YES;
				COPY_PHASE_STRIP = NO;
				DEBUG_INFORMATION_FORMAT = "dwarf-with-dsym";
				ENABLE_NS_ASSERTIONS = NO;
				ENABLE_STRICT_OBJC_MSGSEND = YES;
				GCC_C_LANGUAGE_STANDARD = gnu11;
				GCC_NO_COMMON_BLOCKS = YES;
				GCC_WARN_64_TO_32_BIT_CONVERSION = YES;
				GCC_WARN_ABOUT_RETURN_TYPE = YES_ERROR;
				GCC_WARN_UNDECLARED_SELECTOR = YES;
				GCC_WARN_UNINITIALIZED_AUTOS = YES_AGGRESSIVE;
				GCC_WARN_UNUSED_FUNCTION = YES;
				GCC_WARN_UNUSED_VARIABLE = YES;
				IPHONEOS_DEPLOYMENT_TARGET = 13.0;
				MTL_ENABLE_DEBUG_INFO = NO;
				MTL_FAST_MATH = YES;
				SDKROOT = iphoneos;
				SWIFT_COMPILATION_MODE = wholemodule;
				SWIFT_OPTIMIZATION_LEVEL = "-O";
				VALIDATE_PRODUCT = YES;
			};
			name = Release;
		};
		5CF64CD8238EB5D700BD492D /* Debug */ = {
			isa = XCBuildConfiguration;
			buildSettings = {
				ASSETCATALOG_COMPILER_APPICON_NAME = AppIcon;
				CODE_SIGN_STYLE = Automatic;
				DEVELOPMENT_TEAM = H85YN4RQVD;
				FRAMEWORK_SEARCH_PATHS = (
					"$(inherited)",
					"$(PROJECT_DIR)/Carthage/Build/iOS",
				);
				INFOPLIST_FILE = Instagram/Resources/Info.plist;
				LD_RUNPATH_SEARCH_PATHS = (
					"$(inherited)",
					"@executable_path/Frameworks",
				);
				PRODUCT_BUNDLE_IDENTIFIER = com.jpscoutinho.Instagram;
				PRODUCT_NAME = "$(TARGET_NAME)";
				SWIFT_VERSION = 5.0;
				TARGETED_DEVICE_FAMILY = 1;
			};
			name = Debug;
		};
		5CF64CD9238EB5D700BD492D /* Release */ = {
			isa = XCBuildConfiguration;
			buildSettings = {
				ASSETCATALOG_COMPILER_APPICON_NAME = AppIcon;
				CODE_SIGN_STYLE = Automatic;
				DEVELOPMENT_TEAM = H85YN4RQVD;
				FRAMEWORK_SEARCH_PATHS = (
					"$(inherited)",
					"$(PROJECT_DIR)/Carthage/Build/iOS",
				);
				INFOPLIST_FILE = Instagram/Resources/Info.plist;
				LD_RUNPATH_SEARCH_PATHS = (
					"$(inherited)",
					"@executable_path/Frameworks",
				);
				PRODUCT_BUNDLE_IDENTIFIER = com.jpscoutinho.Instagram;
				PRODUCT_NAME = "$(TARGET_NAME)";
				SWIFT_VERSION = 5.0;
				TARGETED_DEVICE_FAMILY = 1;
			};
			name = Release;
		};
		5CF64CDB238EB5D700BD492D /* Debug */ = {
			isa = XCBuildConfiguration;
			buildSettings = {
				ALWAYS_EMBED_SWIFT_STANDARD_LIBRARIES = YES;
				BUNDLE_LOADER = "$(TEST_HOST)";
				CODE_SIGN_STYLE = Automatic;
				DEVELOPMENT_TEAM = H85YN4RQVD;
				INFOPLIST_FILE = InstagramTests/Info.plist;
				IPHONEOS_DEPLOYMENT_TARGET = 13.0;
				LD_RUNPATH_SEARCH_PATHS = (
					"$(inherited)",
					"@executable_path/Frameworks",
					"@loader_path/Frameworks",
				);
				PRODUCT_BUNDLE_IDENTIFIER = com.jpscoutinho.InstagramTests;
				PRODUCT_NAME = "$(TARGET_NAME)";
				SWIFT_VERSION = 5.0;
				TARGETED_DEVICE_FAMILY = "1,2";
				TEST_HOST = "$(BUILT_PRODUCTS_DIR)/Instagram.app/Instagram";
			};
			name = Debug;
		};
		5CF64CDC238EB5D700BD492D /* Release */ = {
			isa = XCBuildConfiguration;
			buildSettings = {
				ALWAYS_EMBED_SWIFT_STANDARD_LIBRARIES = YES;
				BUNDLE_LOADER = "$(TEST_HOST)";
				CODE_SIGN_STYLE = Automatic;
				DEVELOPMENT_TEAM = H85YN4RQVD;
				INFOPLIST_FILE = InstagramTests/Info.plist;
				IPHONEOS_DEPLOYMENT_TARGET = 13.0;
				LD_RUNPATH_SEARCH_PATHS = (
					"$(inherited)",
					"@executable_path/Frameworks",
					"@loader_path/Frameworks",
				);
				PRODUCT_BUNDLE_IDENTIFIER = com.jpscoutinho.InstagramTests;
				PRODUCT_NAME = "$(TARGET_NAME)";
				SWIFT_VERSION = 5.0;
				TARGETED_DEVICE_FAMILY = "1,2";
				TEST_HOST = "$(BUILT_PRODUCTS_DIR)/Instagram.app/Instagram";
			};
			name = Release;
		};
		5CF64CDE238EB5D700BD492D /* Debug */ = {
			isa = XCBuildConfiguration;
			buildSettings = {
				ALWAYS_EMBED_SWIFT_STANDARD_LIBRARIES = YES;
				CODE_SIGN_STYLE = Automatic;
				DEVELOPMENT_TEAM = H85YN4RQVD;
				INFOPLIST_FILE = InstagramUITests/Info.plist;
				LD_RUNPATH_SEARCH_PATHS = (
					"$(inherited)",
					"@executable_path/Frameworks",
					"@loader_path/Frameworks",
				);
				PRODUCT_BUNDLE_IDENTIFIER = com.jpscoutinho.InstagramUITests;
				PRODUCT_NAME = "$(TARGET_NAME)";
				SWIFT_VERSION = 5.0;
				TARGETED_DEVICE_FAMILY = "1,2";
				TEST_TARGET_NAME = Instagram;
			};
			name = Debug;
		};
		5CF64CDF238EB5D700BD492D /* Release */ = {
			isa = XCBuildConfiguration;
			buildSettings = {
				ALWAYS_EMBED_SWIFT_STANDARD_LIBRARIES = YES;
				CODE_SIGN_STYLE = Automatic;
				DEVELOPMENT_TEAM = H85YN4RQVD;
				INFOPLIST_FILE = InstagramUITests/Info.plist;
				LD_RUNPATH_SEARCH_PATHS = (
					"$(inherited)",
					"@executable_path/Frameworks",
					"@loader_path/Frameworks",
				);
				PRODUCT_BUNDLE_IDENTIFIER = com.jpscoutinho.InstagramUITests;
				PRODUCT_NAME = "$(TARGET_NAME)";
				SWIFT_VERSION = 5.0;
				TARGETED_DEVICE_FAMILY = "1,2";
				TEST_TARGET_NAME = Instagram;
			};
			name = Release;
		};
/* End XCBuildConfiguration section */

/* Begin XCConfigurationList section */
		5CF64CA8238EB5C800BD492D /* Build configuration list for PBXProject "Instagram" */ = {
			isa = XCConfigurationList;
			buildConfigurations = (
				5CF64CD5238EB5D700BD492D /* Debug */,
				5CF64CD6238EB5D700BD492D /* Release */,
			);
			defaultConfigurationIsVisible = 0;
			defaultConfigurationName = Release;
		};
		5CF64CD7238EB5D700BD492D /* Build configuration list for PBXNativeTarget "Instagram" */ = {
			isa = XCConfigurationList;
			buildConfigurations = (
				5CF64CD8238EB5D700BD492D /* Debug */,
				5CF64CD9238EB5D700BD492D /* Release */,
			);
			defaultConfigurationIsVisible = 0;
			defaultConfigurationName = Release;
		};
		5CF64CDA238EB5D700BD492D /* Build configuration list for PBXNativeTarget "InstagramTests" */ = {
			isa = XCConfigurationList;
			buildConfigurations = (
				5CF64CDB238EB5D700BD492D /* Debug */,
				5CF64CDC238EB5D700BD492D /* Release */,
			);
			defaultConfigurationIsVisible = 0;
			defaultConfigurationName = Release;
		};
		5CF64CDD238EB5D700BD492D /* Build configuration list for PBXNativeTarget "InstagramUITests" */ = {
			isa = XCConfigurationList;
			buildConfigurations = (
				5CF64CDE238EB5D700BD492D /* Debug */,
				5CF64CDF238EB5D700BD492D /* Release */,
			);
			defaultConfigurationIsVisible = 0;
			defaultConfigurationName = Release;
		};
/* End XCConfigurationList section */
	};
	rootObject = 5CF64CA5238EB5C800BD492D /* Project object */;
}
